
Microsoft Visual Studio Solution File, Format Version 12.00
# Visual Studio Version 17
VisualStudioVersion = 17.0.31903.59
MinimumVisualStudioVersion = 10.0.40219.1
Project("{9A19103F-16F7-4668-BE54-9A1E7A4F7556}") = "MyLambda", "src\MyLambda\MyLambda.csproj", "{B82E9C96-688D-4D7B-ACAE-D4063FC02F4F}"
EndProject
Project("{2150E333-8FDC-42A3-9474-1A3956D46DE8}") = "Solution Items", "Solution Items", "{FCD1F630-A19F-484D-8393-6CBE118C24FE}"
	ProjectSection(SolutionItems) = preProject
		template.yml = template.yml
	EndProjectSection
EndProject
Global
	GlobalSection(SolutionConfigurationPlatforms) = preSolution
		Debug|Any CPU = Debug|Any CPU
		Release|Any CPU = Release|Any CPU
	EndGlobalSection
	GlobalSection(ProjectConfigurationPlatforms) = postSolution
		{B82E9C96-688D-4D7B-ACAE-D4063FC02F4F}.Debug|Any CPU.ActiveCfg = Debug|Any CPU
		{B82E9C96-688D-4D7B-ACAE-D4063FC02F4F}.Debug|Any CPU.Build.0 = Debug|Any CPU
		{B82E9C96-688D-4D7B-ACAE-D4063FC02F4F}.Release|Any CPU.ActiveCfg = Release|Any CPU
		{B82E9C96-688D-4D7B-ACAE-D4063FC02F4F}.Release|Any CPU.Build.0 = Release|Any CPU
	EndGlobalSection
	GlobalSection(SolutionProperties) = preSolution
		HideSolutionNode = FALSE
	EndGlobalSection
	GlobalSection(ExtensibilityGlobals) = postSolution
		SolutionGuid = {45E6C238-F729-4929-A85F-D2674C2A7F60}
	EndGlobalSection
EndGlobal
